
Microsoft Visual Studio Solution File, Format Version 12.00
# Visual Studio 15
VisualStudioVersion = 15.0.27703.2042
MinimumVisualStudioVersion = 10.0.40219.1
Project("{FAE04EC0-301F-11D3-BF4B-00C04F79EFBC}") = "oop_gyak", "oop_gyak\oop_gyak.csproj", "{34DB54CE-0013-48D4-B72A-403BBE34452F}"
EndProject
Global
	GlobalSection(SolutionConfigurationPlatforms) = preSolution
		Debug|Any CPU = Debug|Any CPU
		Release|Any CPU = Release|Any CPU
	EndGlobalSection
	GlobalSection(ProjectConfigurationPlatforms) = postSolution
		{34DB54CE-0013-48D4-B72A-403BBE34452F}.Debug|Any CPU.ActiveCfg = Debug|Any CPU
		{34DB54CE-0013-48D4-B72A-403BBE34452F}.Debug|Any CPU.Build.0 = Debug|Any CPU
		{34DB54CE-0013-48D4-B72A-403BBE34452F}.Release|Any CPU.ActiveCfg = Release|Any CPU
		{34DB54CE-0013-48D4-B72A-403BBE34452F}.Release|Any CPU.Build.0 = Release|Any CPU
	EndGlobalSection
	GlobalSection(SolutionProperties) = preSolution
		HideSolutionNode = FALSE
	EndGlobalSection
	GlobalSection(ExtensibilityGlobals) = postSolution
		SolutionGuid = {63C88860-C2AB-437B-AE1F-07D8F60FF6F8}
	EndGlobalSection
EndGlobal
